
Microsoft Visual Studio Solution File, Format Version 12.00
Project("{FAE04EC0-301F-11D3-BF4B-00C04F79EFBC}") = "InventoryManagement", "InventoryManagement\InventoryManagement.csproj", "{277783BF-F6B6-4415-A172-2E57B47EF583}"
EndProject
Global
	GlobalSection(SolutionConfigurationPlatforms) = preSolution
		Debug|Any CPU = Debug|Any CPU
		Release|Any CPU = Release|Any CPU
	EndGlobalSection
	GlobalSection(ProjectConfigurationPlatforms) = postSolution
		{277783BF-F6B6-4415-A172-2E57B47EF583}.Debug|Any CPU.ActiveCfg = Debug|Any CPU
		{277783BF-F6B6-4415-A172-2E57B47EF583}.Debug|Any CPU.Build.0 = Debug|Any CPU
		{277783BF-F6B6-4415-A172-2E57B47EF583}.Release|Any CPU.ActiveCfg = Release|Any CPU
		{277783BF-F6B6-4415-A172-2E57B47EF583}.Release|Any CPU.Build.0 = Release|Any CPU
	EndGlobalSection
EndGlobal
